{
  "nodes": {
    "fish-colored-man": {
      "flake": false,
      "locked": {
        "lastModified": 1626408713,
        "narHash": "sha256-uoZ4eSFbZlsRfISIkJQp24qPUNqxeD0JbRb/gVdRYlA=",
        "owner": "decors",
        "repo": "fish-colored-man",
        "rev": "1ad8fff696d48c8bf173aa98f9dff39d7916de0e",
        "type": "github"
      },
      "original": {
        "owner": "decors",
        "repo": "fish-colored-man",
        "type": "github"
      }
    },
    "fish-z": {
      "flake": false,
      "locked": {
        "lastModified": 1739459792,
        "narHash": "sha256-emmjTsqt8bdI5qpx1bAzhVACkg0MNB/uffaRjjeuFxU=",
        "owner": "jethrokuan",
        "repo": "z",
        "rev": "067e867debee59aee231e789fc4631f80fa5788e",
        "type": "github"
      },
      "original": {
        "owner": "jethrokuan",
        "repo": "z",
        "type": "github"
      }
    },
    "nixpkgs": {
      "locked": {
        "lastModified": 1749794982,
        "narHash": "sha256-Kh9K4taXbVuaLC0IL+9HcfvxsSUx8dPB5s5weJcc9pc=",
        "owner": "NixOS",
        "repo": "nixpkgs",
        "rev": "ee930f9755f58096ac6e8ca94a1887e0534e2d81",
        "type": "github"
      },
      "original": {
        "owner": "NixOS",
        "ref": "nixos-unstable",
        "repo": "nixpkgs",
        "type": "github"
      }
    },
    "root": {
      "inputs": {
        "fish-colored-man": "fish-colored-man",
        "fish-z": "fish-z",
        "nixpkgs": "nixpkgs",
        "yazi-miller": "yazi-miller",
        "yazi-official": "yazi-official",
        "yazi-yatline": "yazi-yatline"
      }
    },
    "yazi-miller": {
      "flake": false,
      "locked": {
        "lastModified": 1744894683,
        "narHash": "sha256-pZpx7V5ud5JhEkgkfVBSuM0CFIIUXZZ+pOX0xVlHf+0=",
        "owner": "Reledia",
        "repo": "miller.yazi",
        "rev": "0a3d1316e38132ae9a6b91fbd69bab295cbbf2fe",
        "type": "github"
      },
      "original": {
        "owner": "Reledia",
        "repo": "miller.yazi",
        "type": "github"
      }
    },
    "yazi-official": {
      "flake": false,
      "locked": {
        "lastModified": 1749688931,
        "narHash": "sha256-QkjXl8lGeqFgL2FGTs63xW0/hbZEpIyBCWnkdCgcv5s=",
        "owner": "yazi-rs",
        "repo": "plugins",
        "rev": "aeca767ec27bfbea66873d667a729791de18f364",
        "type": "github"
      },
      "original": {
        "owner": "yazi-rs",
        "repo": "plugins",
        "type": "github"
      }
    },
    "yazi-yatline": {
      "flake": false,
      "locked": {
        "lastModified": 1749709910,
        "narHash": "sha256-RkQKZQAa5U9eMWk1Q0doueJZiuP4elUJ0dM1XKLSnDo=",
        "owner": "imsi32",
        "repo": "yatline.yazi",
        "rev": "88bd1c58357d472fe7e8daf9904936771fc49795",
        "type": "github"
      },
      "original": {
        "owner": "imsi32",
        "ref": "main",
        "repo": "yatline.yazi",
        "type": "github"
      }
    }
  },
  "root": "root",
  "version": 7
}
